
Microsoft Visual Studio Solution File, Format Version 12.00
# Visual Studio Version 16
VisualStudioVersion = 16.0.31424.327
MinimumVisualStudioVersion = 10.0.40219.1
Project("{FAE04EC0-301F-11D3-BF4B-00C04F79EFBC}") = "WebApplicationProject", "WebApplicationProject\WebApplicationProject.csproj", "{71292C0E-D9C8-4D50-A30D-822C82D773EC}"
EndProject
Global
	GlobalSection(SolutionConfigurationPlatforms) = preSolution
		Debug|Any CPU = Debug|Any CPU
		Release|Any CPU = Release|Any CPU
	EndGlobalSection
	GlobalSection(ProjectConfigurationPlatforms) = postSolution
		{71292C0E-D9C8-4D50-A30D-822C82D773EC}.Debug|Any CPU.ActiveCfg = Debug|Any CPU
		{71292C0E-D9C8-4D50-A30D-822C82D773EC}.Debug|Any CPU.Build.0 = Debug|Any CPU
		{71292C0E-D9C8-4D50-A30D-822C82D773EC}.Release|Any CPU.ActiveCfg = Release|Any CPU
		{71292C0E-D9C8-4D50-A30D-822C82D773EC}.Release|Any CPU.Build.0 = Release|Any CPU
	EndGlobalSection
	GlobalSection(SolutionProperties) = preSolution
		HideSolutionNode = FALSE
	EndGlobalSection
	GlobalSection(ExtensibilityGlobals) = postSolution
		SolutionGuid = {43A87EC7-533E-4258-B74B-46242F1454AE}
	EndGlobalSection
EndGlobal
